// !$*UTF8*$!
{
	archiveVersion = 1;
	classes = {
	};
	objectVersion = 46;
	objects = {

/* Begin PBXBuildFile section */
		2E6FF2D61BB5465B00473CAD /* main.m in Sources */ = {isa = PBXBuildFile; fileRef = 2E6FF2D51BB5465B00473CAD /* main.m */; };
		2E6FF2D91BB5465B00473CAD /* AppDelegate.m in Sources */ = {isa = PBXBuildFile; fileRef = 2E6FF2D81BB5465B00473CAD /* AppDelegate.m */; };
		2E6FF2DF1BB5465B00473CAD /* Main.storyboard in Resources */ = {isa = PBXBuildFile; fileRef = 2E6FF2DD1BB5465B00473CAD /* Main.storyboard */; };
		2E6FF2E11BB5465B00473CAD /* Assets.xcassets in Resources */ = {isa = PBXBuildFile; fileRef = 2E6FF2E01BB5465B00473CAD /* Assets.xcassets */; };
		2E6FF2E41BB5465B00473CAD /* LaunchScreen.storyboard in Resources */ = {isa = PBXBuildFile; fileRef = 2E6FF2E21BB5465B00473CAD /* LaunchScreen.storyboard */; };
		2E6FF2ED1BB547AF00473CAD /* BaseVC.m in Sources */ = {isa = PBXBuildFile; fileRef = 2E6FF2EC1BB547AF00473CAD /* BaseVC.m */; };
		2E6FF2F01BB547C900473CAD /* HomeVC.m in Sources */ = {isa = PBXBuildFile; fileRef = 2E6FF2EF1BB547C900473CAD /* HomeVC.m */; };
		2E6FF2F41BB5483200473CAD /* CustomCell.m in Sources */ = {isa = PBXBuildFile; fileRef = 2E6FF2F21BB5483200473CAD /* CustomCell.m */; };
		2E6FF2F51BB5483200473CAD /* CustomCell.xib in Resources */ = {isa = PBXBuildFile; fileRef = 2E6FF2F31BB5483200473CAD /* CustomCell.xib */; };
		2E9092411BB67BD800BB4F9C /* TFHpple.m in Sources */ = {isa = PBXBuildFile; fileRef = 2E90923C1BB67BD800BB4F9C /* TFHpple.m */; };
		2E9092421BB67BD800BB4F9C /* TFHppleElement.m in Sources */ = {isa = PBXBuildFile; fileRef = 2E90923E1BB67BD800BB4F9C /* TFHppleElement.m */; };
		2E9092431BB67BD800BB4F9C /* XPathQuery.m in Sources */ = {isa = PBXBuildFile; fileRef = 2E9092401BB67BD800BB4F9C /* XPathQuery.m */; };
		2E9092461BB67E4200BB4F9C /* PostObject.m in Sources */ = {isa = PBXBuildFile; fileRef = 2E9092451BB67E4200BB4F9C /* PostObject.m */; };
		2E9092481BB6801100BB4F9C /* libxml2.tbd in Frameworks */ = {isa = PBXBuildFile; fileRef = 2E9092471BB6801100BB4F9C /* libxml2.tbd */; };
		2E90924A1BB6808600BB4F9C /* libsqlite3.tbd in Frameworks */ = {isa = PBXBuildFile; fileRef = 2E9092491BB6808600BB4F9C /* libsqlite3.tbd */; };
		2E90926D1BB68FBA00BB4F9C /* MKAnnotationView+WebCache.m in Sources */ = {isa = PBXBuildFile; fileRef = 2E90924D1BB68FBA00BB4F9C /* MKAnnotationView+WebCache.m */; };
		2E90926E1BB68FBA00BB4F9C /* NSData+ImageContentType.m in Sources */ = {isa = PBXBuildFile; fileRef = 2E90924F1BB68FBA00BB4F9C /* NSData+ImageContentType.m */; };
		2E90926F1BB68FBA00BB4F9C /* SDImageCache.m in Sources */ = {isa = PBXBuildFile; fileRef = 2E9092511BB68FBA00BB4F9C /* SDImageCache.m */; };
		2E9092701BB68FBB00BB4F9C /* SDWebImageCompat.m in Sources */ = {isa = PBXBuildFile; fileRef = 2E9092531BB68FBA00BB4F9C /* SDWebImageCompat.m */; };
		2E9092711BB68FBB00BB4F9C /* SDWebImageDecoder.m in Sources */ = {isa = PBXBuildFile; fileRef = 2E9092551BB68FBA00BB4F9C /* SDWebImageDecoder.m */; };
		2E9092721BB68FBB00BB4F9C /* SDWebImageDownloader.m in Sources */ = {isa = PBXBuildFile; fileRef = 2E9092571BB68FBA00BB4F9C /* SDWebImageDownloader.m */; };
		2E9092731BB68FBB00BB4F9C /* SDWebImageDownloaderOperation.m in Sources */ = {isa = PBXBuildFile; fileRef = 2E9092591BB68FBA00BB4F9C /* SDWebImageDownloaderOperation.m */; };
		2E9092741BB68FBB00BB4F9C /* SDWebImageManager.m in Sources */ = {isa = PBXBuildFile; fileRef = 2E90925B1BB68FBA00BB4F9C /* SDWebImageManager.m */; };
		2E9092751BB68FBB00BB4F9C /* SDWebImagePrefetcher.m in Sources */ = {isa = PBXBuildFile; fileRef = 2E90925E1BB68FBA00BB4F9C /* SDWebImagePrefetcher.m */; };
		2E9092761BB68FBB00BB4F9C /* UIButton+WebCache.m in Sources */ = {isa = PBXBuildFile; fileRef = 2E9092601BB68FBA00BB4F9C /* UIButton+WebCache.m */; };
		2E9092771BB68FBB00BB4F9C /* UIImage+GIF.m in Sources */ = {isa = PBXBuildFile; fileRef = 2E9092621BB68FBA00BB4F9C /* UIImage+GIF.m */; };
		2E9092781BB68FBB00BB4F9C /* UIImage+MultiFormat.m in Sources */ = {isa = PBXBuildFile; fileRef = 2E9092641BB68FBA00BB4F9C /* UIImage+MultiFormat.m */; };
		2E9092791BB68FBB00BB4F9C /* UIImage+WebP.m in Sources */ = {isa = PBXBuildFile; fileRef = 2E9092661BB68FBA00BB4F9C /* UIImage+WebP.m */; };
		2E90927A1BB68FBB00BB4F9C /* UIImageView+HighlightedWebCache.m in Sources */ = {isa = PBXBuildFile; fileRef = 2E9092681BB68FBA00BB4F9C /* UIImageView+HighlightedWebCache.m */; };
		2E90927B1BB68FBB00BB4F9C /* UIImageView+WebCache.m in Sources */ = {isa = PBXBuildFile; fileRef = 2E90926A1BB68FBA00BB4F9C /* UIImageView+WebCache.m */; };
		2E90927C1BB68FBB00BB4F9C /* UIView+WebCacheOperation.m in Sources */ = {isa = PBXBuildFile; fileRef = 2E90926C1BB68FBA00BB4F9C /* UIView+WebCacheOperation.m */; };
		2EA90C331BB6376D00771703 /* mainbutton1.png in Resources */ = {isa = PBXBuildFile; fileRef = 2EA90C321BB6376D00771703 /* mainbutton1.png */; };
		650A0A431BB7133400290B01 /* DetailVC.m in Sources */ = {isa = PBXBuildFile; fileRef = 650A0A421BB7133400290B01 /* DetailVC.m */; };
		650A0A461BB71BA100290B01 /* Singleton.m in Sources */ = {isa = PBXBuildFile; fileRef = 650A0A451BB71BA100290B01 /* Singleton.m */; };
		650A0A481BB7A7B700290B01 /* no-image-available.jpg in Resources */ = {isa = PBXBuildFile; fileRef = 650A0A471BB7A7B700290B01 /* no-image-available.jpg */; };
		657A9C8F1BB6FE02006C6CDB /* libxml2.dylib in Frameworks */ = {isa = PBXBuildFile; fileRef = 657A9C8E1BB6FE02006C6CDB /* libxml2.dylib */; };
/* End PBXBuildFile section */

/* Begin PBXFileReference section */
		2E6FF2D11BB5465B00473CAD /* FunnyDev.app */ = {isa = PBXFileReference; explicitFileType = wrapper.application; includeInIndex = 0; path = FunnyDev.app; sourceTree = BUILT_PRODUCTS_DIR; };
		2E6FF2D51BB5465B00473CAD /* main.m */ = {isa = PBXFileReference; lastKnownFileType = sourcecode.c.objc; path = main.m; sourceTree = "<group>"; };
		2E6FF2D71BB5465B00473CAD /* AppDelegate.h */ = {isa = PBXFileReference; lastKnownFileType = sourcecode.c.h; path = AppDelegate.h; sourceTree = "<group>"; };
		2E6FF2D81BB5465B00473CAD /* AppDelegate.m */ = {isa = PBXFileReference; lastKnownFileType = sourcecode.c.objc; path = AppDelegate.m; sourceTree = "<group>"; };
		2E6FF2DE1BB5465B00473CAD /* Base */ = {isa = PBXFileReference; lastKnownFileType = file.storyboard; name = Base; path = Base.lproj/Main.storyboard; sourceTree = "<group>"; };
		2E6FF2E01BB5465B00473CAD /* Assets.xcassets */ = {isa = PBXFileReference; lastKnownFileType = folder.assetcatalog; path = Assets.xcassets; sourceTree = "<group>"; };
		2E6FF2E31BB5465B00473CAD /* Base */ = {isa = PBXFileReference; lastKnownFileType = file.storyboard; name = Base; path = Base.lproj/LaunchScreen.storyboard; sourceTree = "<group>"; };
		2E6FF2E51BB5465B00473CAD /* Info.plist */ = {isa = PBXFileReference; lastKnownFileType = text.plist.xml; path = Info.plist; sourceTree = "<group>"; };
		2E6FF2EB1BB547AF00473CAD /* BaseVC.h */ = {isa = PBXFileReference; fileEncoding = 4; lastKnownFileType = sourcecode.c.h; path = BaseVC.h; sourceTree = "<group>"; };
		2E6FF2EC1BB547AF00473CAD /* BaseVC.m */ = {isa = PBXFileReference; fileEncoding = 4; lastKnownFileType = sourcecode.c.objc; path = BaseVC.m; sourceTree = "<group>"; };
		2E6FF2EE1BB547C900473CAD /* HomeVC.h */ = {isa = PBXFileReference; fileEncoding = 4; lastKnownFileType = sourcecode.c.h; path = HomeVC.h; sourceTree = "<group>"; };
		2E6FF2EF1BB547C900473CAD /* HomeVC.m */ = {isa = PBXFileReference; fileEncoding = 4; lastKnownFileType = sourcecode.c.objc; path = HomeVC.m; sourceTree = "<group>"; };
		2E6FF2F11BB5483200473CAD /* CustomCell.h */ = {isa = PBXFileReference; fileEncoding = 4; lastKnownFileType = sourcecode.c.h; path = CustomCell.h; sourceTree = "<group>"; };
		2E6FF2F21BB5483200473CAD /* CustomCell.m */ = {isa = PBXFileReference; fileEncoding = 4; lastKnownFileType = sourcecode.c.objc; path = CustomCell.m; sourceTree = "<group>"; };
		2E6FF2F31BB5483200473CAD /* CustomCell.xib */ = {isa = PBXFileReference; fileEncoding = 4; lastKnownFileType = file.xib; path = CustomCell.xib; sourceTree = "<group>"; };
		2E90923B1BB67BD800BB4F9C /* TFHpple.h */ = {isa = PBXFileReference; fileEncoding = 4; lastKnownFileType = sourcecode.c.h; path = TFHpple.h; sourceTree = "<group>"; };
		2E90923C1BB67BD800BB4F9C /* TFHpple.m */ = {isa = PBXFileReference; fileEncoding = 4; lastKnownFileType = sourcecode.c.objc; path = TFHpple.m; sourceTree = "<group>"; };
		2E90923D1BB67BD800BB4F9C /* TFHppleElement.h */ = {isa = PBXFileReference; fileEncoding = 4; lastKnownFileType = sourcecode.c.h; path = TFHppleElement.h; sourceTree = "<group>"; };
		2E90923E1BB67BD800BB4F9C /* TFHppleElement.m */ = {isa = PBXFileReference; fileEncoding = 4; lastKnownFileType = sourcecode.c.objc; path = TFHppleElement.m; sourceTree = "<group>"; };
		2E90923F1BB67BD800BB4F9C /* XPathQuery.h */ = {isa = PBXFileReference; fileEncoding = 4; lastKnownFileType = sourcecode.c.h; path = XPathQuery.h; sourceTree = "<group>"; };
		2E9092401BB67BD800BB4F9C /* XPathQuery.m */ = {isa = PBXFileReference; fileEncoding = 4; lastKnownFileType = sourcecode.c.objc; path = XPathQuery.m; sourceTree = "<group>"; };
		2E9092441BB67E4200BB4F9C /* PostObject.h */ = {isa = PBXFileReference; fileEncoding = 4; lastKnownFileType = sourcecode.c.h; path = PostObject.h; sourceTree = "<group>"; };
		2E9092451BB67E4200BB4F9C /* PostObject.m */ = {isa = PBXFileReference; fileEncoding = 4; lastKnownFileType = sourcecode.c.objc; path = PostObject.m; sourceTree = "<group>"; };
		2E9092471BB6801100BB4F9C /* libxml2.tbd */ = {isa = PBXFileReference; lastKnownFileType = "sourcecode.text-based-dylib-definition"; name = libxml2.tbd; path = usr/lib/libxml2.tbd; sourceTree = SDKROOT; };
		2E9092491BB6808600BB4F9C /* libsqlite3.tbd */ = {isa = PBXFileReference; lastKnownFileType = "sourcecode.text-based-dylib-definition"; name = libsqlite3.tbd; path = usr/lib/libsqlite3.tbd; sourceTree = SDKROOT; };
		2E90924C1BB68FBA00BB4F9C /* MKAnnotationView+WebCache.h */ = {isa = PBXFileReference; fileEncoding = 4; lastKnownFileType = sourcecode.c.h; path = "MKAnnotationView+WebCache.h"; sourceTree = "<group>"; };
		2E90924D1BB68FBA00BB4F9C /* MKAnnotationView+WebCache.m */ = {isa = PBXFileReference; fileEncoding = 4; lastKnownFileType = sourcecode.c.objc; path = "MKAnnotationView+WebCache.m"; sourceTree = "<group>"; };
		2E90924E1BB68FBA00BB4F9C /* NSData+ImageContentType.h */ = {isa = PBXFileReference; fileEncoding = 4; lastKnownFileType = sourcecode.c.h; path = "NSData+ImageContentType.h"; sourceTree = "<group>"; };
		2E90924F1BB68FBA00BB4F9C /* NSData+ImageContentType.m */ = {isa = PBXFileReference; fileEncoding = 4; lastKnownFileType = sourcecode.c.objc; path = "NSData+ImageContentType.m"; sourceTree = "<group>"; };
		2E9092501BB68FBA00BB4F9C /* SDImageCache.h */ = {isa = PBXFileReference; fileEncoding = 4; lastKnownFileType = sourcecode.c.h; path = SDImageCache.h; sourceTree = "<group>"; };
		2E9092511BB68FBA00BB4F9C /* SDImageCache.m */ = {isa = PBXFileReference; fileEncoding = 4; lastKnownFileType = sourcecode.c.objc; path = SDImageCache.m; sourceTree = "<group>"; };
		2E9092521BB68FBA00BB4F9C /* SDWebImageCompat.h */ = {isa = PBXFileReference; fileEncoding = 4; lastKnownFileType = sourcecode.c.h; path = SDWebImageCompat.h; sourceTree = "<group>"; };
		2E9092531BB68FBA00BB4F9C /* SDWebImageCompat.m */ = {isa = PBXFileReference; fileEncoding = 4; lastKnownFileType = sourcecode.c.objc; path = SDWebImageCompat.m; sourceTree = "<group>"; };
		2E9092541BB68FBA00BB4F9C /* SDWebImageDecoder.h */ = {isa = PBXFileReference; fileEncoding = 4; lastKnownFileType = sourcecode.c.h; path = SDWebImageDecoder.h; sourceTree = "<group>"; };
		2E9092551BB68FBA00BB4F9C /* SDWebImageDecoder.m */ = {isa = PBXFileReference; fileEncoding = 4; lastKnownFileType = sourcecode.c.objc; path = SDWebImageDecoder.m; sourceTree = "<group>"; };
		2E9092561BB68FBA00BB4F9C /* SDWebImageDownloader.h */ = {isa = PBXFileReference; fileEncoding = 4; lastKnownFileType = sourcecode.c.h; path = SDWebImageDownloader.h; sourceTree = "<group>"; };
		2E9092571BB68FBA00BB4F9C /* SDWebImageDownloader.m */ = {isa = PBXFileReference; fileEncoding = 4; lastKnownFileType = sourcecode.c.objc; path = SDWebImageDownloader.m; sourceTree = "<group>"; };
		2E9092581BB68FBA00BB4F9C /* SDWebImageDownloaderOperation.h */ = {isa = PBXFileReference; fileEncoding = 4; lastKnownFileType = sourcecode.c.h; path = SDWebImageDownloaderOperation.h; sourceTree = "<group>"; };
		2E9092591BB68FBA00BB4F9C /* SDWebImageDownloaderOperation.m */ = {isa = PBXFileReference; fileEncoding = 4; lastKnownFileType = sourcecode.c.objc; path = SDWebImageDownloaderOperation.m; sourceTree = "<group>"; };
		2E90925A1BB68FBA00BB4F9C /* SDWebImageManager.h */ = {isa = PBXFileReference; fileEncoding = 4; lastKnownFileType = sourcecode.c.h; path = SDWebImageManager.h; sourceTree = "<group>"; };
		2E90925B1BB68FBA00BB4F9C /* SDWebImageManager.m */ = {isa = PBXFileReference; fileEncoding = 4; lastKnownFileType = sourcecode.c.objc; path = SDWebImageManager.m; sourceTree = "<group>"; };
		2E90925C1BB68FBA00BB4F9C /* SDWebImageOperation.h */ = {isa = PBXFileReference; fileEncoding = 4; lastKnownFileType = sourcecode.c.h; path = SDWebImageOperation.h; sourceTree = "<group>"; };
		2E90925D1BB68FBA00BB4F9C /* SDWebImagePrefetcher.h */ = {isa = PBXFileReference; fileEncoding = 4; lastKnownFileType = sourcecode.c.h; path = SDWebImagePrefetcher.h; sourceTree = "<group>"; };
		2E90925E1BB68FBA00BB4F9C /* SDWebImagePrefetcher.m */ = {isa = PBXFileReference; fileEncoding = 4; lastKnownFileType = sourcecode.c.objc; path = SDWebImagePrefetcher.m; sourceTree = "<group>"; };
		2E90925F1BB68FBA00BB4F9C /* UIButton+WebCache.h */ = {isa = PBXFileReference; fileEncoding = 4; lastKnownFileType = sourcecode.c.h; path = "UIButton+WebCache.h"; sourceTree = "<group>"; };
		2E9092601BB68FBA00BB4F9C /* UIButton+WebCache.m */ = {isa = PBXFileReference; fileEncoding = 4; lastKnownFileType = sourcecode.c.objc; path = "UIButton+WebCache.m"; sourceTree = "<group>"; };
		2E9092611BB68FBA00BB4F9C /* UIImage+GIF.h */ = {isa = PBXFileReference; fileEncoding = 4; lastKnownFileType = sourcecode.c.h; path = "UIImage+GIF.h"; sourceTree = "<group>"; };
		2E9092621BB68FBA00BB4F9C /* UIImage+GIF.m */ = {isa = PBXFileReference; fileEncoding = 4; lastKnownFileType = sourcecode.c.objc; path = "UIImage+GIF.m"; sourceTree = "<group>"; };
		2E9092631BB68FBA00BB4F9C /* UIImage+MultiFormat.h */ = {isa = PBXFileReference; fileEncoding = 4; lastKnownFileType = sourcecode.c.h; path = "UIImage+MultiFormat.h"; sourceTree = "<group>"; };
		2E9092641BB68FBA00BB4F9C /* UIImage+MultiFormat.m */ = {isa = PBXFileReference; fileEncoding = 4; lastKnownFileType = sourcecode.c.objc; path = "UIImage+MultiFormat.m"; sourceTree = "<group>"; };
		2E9092651BB68FBA00BB4F9C /* UIImage+WebP.h */ = {isa = PBXFileReference; fileEncoding = 4; lastKnownFileType = sourcecode.c.h; path = "UIImage+WebP.h"; sourceTree = "<group>"; };
		2E9092661BB68FBA00BB4F9C /* UIImage+WebP.m */ = {isa = PBXFileReference; fileEncoding = 4; lastKnownFileType = sourcecode.c.objc; path = "UIImage+WebP.m"; sourceTree = "<group>"; };
		2E9092671BB68FBA00BB4F9C /* UIImageView+HighlightedWebCache.h */ = {isa = PBXFileReference; fileEncoding = 4; lastKnownFileType = sourcecode.c.h; path = "UIImageView+HighlightedWebCache.h"; sourceTree = "<group>"; };
		2E9092681BB68FBA00BB4F9C /* UIImageView+HighlightedWebCache.m */ = {isa = PBXFileReference; fileEncoding = 4; lastKnownFileType = sourcecode.c.objc; path = "UIImageView+HighlightedWebCache.m"; sourceTree = "<group>"; };
		2E9092691BB68FBA00BB4F9C /* UIImageView+WebCache.h */ = {isa = PBXFileReference; fileEncoding = 4; lastKnownFileType = sourcecode.c.h; path = "UIImageView+WebCache.h"; sourceTree = "<group>"; };
		2E90926A1BB68FBA00BB4F9C /* UIImageView+WebCache.m */ = {isa = PBXFileReference; fileEncoding = 4; lastKnownFileType = sourcecode.c.objc; path = "UIImageView+WebCache.m"; sourceTree = "<group>"; };
		2E90926B1BB68FBA00BB4F9C /* UIView+WebCacheOperation.h */ = {isa = PBXFileReference; fileEncoding = 4; lastKnownFileType = sourcecode.c.h; path = "UIView+WebCacheOperation.h"; sourceTree = "<group>"; };
		2E90926C1BB68FBA00BB4F9C /* UIView+WebCacheOperation.m */ = {isa = PBXFileReference; fileEncoding = 4; lastKnownFileType = sourcecode.c.objc; path = "UIView+WebCacheOperation.m"; sourceTree = "<group>"; };
		2EA90C321BB6376D00771703 /* mainbutton1.png */ = {isa = PBXFileReference; lastKnownFileType = image.png; path = mainbutton1.png; sourceTree = "<group>"; };
		650A0A411BB7133400290B01 /* DetailVC.h */ = {isa = PBXFileReference; fileEncoding = 4; lastKnownFileType = sourcecode.c.h; path = DetailVC.h; sourceTree = "<group>"; };
		650A0A421BB7133400290B01 /* DetailVC.m */ = {isa = PBXFileReference; fileEncoding = 4; lastKnownFileType = sourcecode.c.objc; path = DetailVC.m; sourceTree = "<group>"; };
		650A0A441BB71BA100290B01 /* Singleton.h */ = {isa = PBXFileReference; fileEncoding = 4; lastKnownFileType = sourcecode.c.h; path = Singleton.h; sourceTree = "<group>"; };
		650A0A451BB71BA100290B01 /* Singleton.m */ = {isa = PBXFileReference; fileEncoding = 4; lastKnownFileType = sourcecode.c.objc; path = Singleton.m; sourceTree = "<group>"; };
		650A0A471BB7A7B700290B01 /* no-image-available.jpg */ = {isa = PBXFileReference; lastKnownFileType = image.jpeg; path = "no-image-available.jpg"; sourceTree = "<group>"; };
		657A9C8E1BB6FE02006C6CDB /* libxml2.dylib */ = {isa = PBXFileReference; lastKnownFileType = "compiled.mach-o.dylib"; name = libxml2.dylib; path = usr/lib/libxml2.dylib; sourceTree = SDKROOT; };
/* End PBXFileReference section */

/* Begin PBXFrameworksBuildPhase section */
		2E6FF2CE1BB5465B00473CAD /* Frameworks */ = {
			isa = PBXFrameworksBuildPhase;
			buildActionMask = 2147483647;
			files = (
				657A9C8F1BB6FE02006C6CDB /* libxml2.dylib in Frameworks */,
				2E90924A1BB6808600BB4F9C /* libsqlite3.tbd in Frameworks */,
				2E9092481BB6801100BB4F9C /* libxml2.tbd in Frameworks */,
			);
			runOnlyForDeploymentPostprocessing = 0;
		};
/* End PBXFrameworksBuildPhase section */

/* Begin PBXGroup section */
		2E6FF2C81BB5465B00473CAD = {
			isa = PBXGroup;
			children = (
				657A9C8E1BB6FE02006C6CDB /* libxml2.dylib */,
				2E6FF2D31BB5465B00473CAD /* FunnyDev */,
				2E6FF2D21BB5465B00473CAD /* Products */,
			);
			sourceTree = "<group>";
		};
		2E6FF2D21BB5465B00473CAD /* Products */ = {
			isa = PBXGroup;
			children = (
				2E6FF2D11BB5465B00473CAD /* FunnyDev.app */,
			);
			name = Products;
			sourceTree = "<group>";
		};
		2E6FF2D31BB5465B00473CAD /* FunnyDev */ = {
			isa = PBXGroup;
			children = (
				2E6FF2D71BB5465B00473CAD /* AppDelegate.h */,
				2E6FF2D81BB5465B00473CAD /* AppDelegate.m */,
				2E9092441BB67E4200BB4F9C /* PostObject.h */,
				2E9092451BB67E4200BB4F9C /* PostObject.m */,
				650A0A441BB71BA100290B01 /* Singleton.h */,
				650A0A451BB71BA100290B01 /* Singleton.m */,
				2E9092391BB67BCA00BB4F9C /* Library */,
				2E9092361BB67ADD00BB4F9C /* Customize */,
				2E9092371BB67AEB00BB4F9C /* ViewCotroller */,
				2E6FF2EB1BB547AF00473CAD /* BaseVC.h */,
				2E6FF2EC1BB547AF00473CAD /* BaseVC.m */,
				2E6FF2DD1BB5465B00473CAD /* Main.storyboard */,
				2E9092381BB67AFB00BB4F9C /* Resource */,
				2E6FF2E01BB5465B00473CAD /* Assets.xcassets */,
				2E6FF2E21BB5465B00473CAD /* LaunchScreen.storyboard */,
				2E6FF2E51BB5465B00473CAD /* Info.plist */,
				2E6FF2D41BB5465B00473CAD /* Supporting Files */,
			);
			path = FunnyDev;
			sourceTree = "<group>";
		};
		2E6FF2D41BB5465B00473CAD /* Supporting Files */ = {
			isa = PBXGroup;
			children = (
				2E6FF2D51BB5465B00473CAD /* main.m */,
			);
			name = "Supporting Files";
			sourceTree = "<group>";
		};
		2E9092361BB67ADD00BB4F9C /* Customize */ = {
			isa = PBXGroup;
			children = (
				2E6FF2F11BB5483200473CAD /* CustomCell.h */,
				2E6FF2F21BB5483200473CAD /* CustomCell.m */,
				2E6FF2F31BB5483200473CAD /* CustomCell.xib */,
			);
			name = Customize;
			sourceTree = "<group>";
		};
		2E9092371BB67AEB00BB4F9C /* ViewCotroller */ = {
			isa = PBXGroup;
			children = (
				2E6FF2EE1BB547C900473CAD /* HomeVC.h */,
				2E6FF2EF1BB547C900473CAD /* HomeVC.m */,
				650A0A411BB7133400290B01 /* DetailVC.h */,
				650A0A421BB7133400290B01 /* DetailVC.m */,
			);
			name = ViewCotroller;
			sourceTree = "<group>";
		};
		2E9092381BB67AFB00BB4F9C /* Resource */ = {
			isa = PBXGroup;
			children = (
				650A0A471BB7A7B700290B01 /* no-image-available.jpg */,
				2EA90C321BB6376D00771703 /* mainbutton1.png */,
			);
			name = Resource;
			sourceTree = "<group>";
		};
		2E9092391BB67BCA00BB4F9C /* Library */ = {
			isa = PBXGroup;
			children = (
				2E9092491BB6808600BB4F9C /* libsqlite3.tbd */,
				2E9092471BB6801100BB4F9C /* libxml2.tbd */,
				2E90924B1BB68FBA00BB4F9C /* SDWebImage */,
				2E90923A1BB67BD800BB4F9C /* Hpple */,
			);
			name = Library;
			sourceTree = "<group>";
		};
		2E90923A1BB67BD800BB4F9C /* Hpple */ = {
			isa = PBXGroup;
			children = (
				2E90923B1BB67BD800BB4F9C /* TFHpple.h */,
				2E90923C1BB67BD800BB4F9C /* TFHpple.m */,
				2E90923D1BB67BD800BB4F9C /* TFHppleElement.h */,
				2E90923E1BB67BD800BB4F9C /* TFHppleElement.m */,
				2E90923F1BB67BD800BB4F9C /* XPathQuery.h */,
				2E9092401BB67BD800BB4F9C /* XPathQuery.m */,
			);
			path = Hpple;
			sourceTree = "<group>";
		};
		2E90924B1BB68FBA00BB4F9C /* SDWebImage */ = {
			isa = PBXGroup;
			children = (
				2E90924C1BB68FBA00BB4F9C /* MKAnnotationView+WebCache.h */,
				2E90924D1BB68FBA00BB4F9C /* MKAnnotationView+WebCache.m */,
				2E90924E1BB68FBA00BB4F9C /* NSData+ImageContentType.h */,
				2E90924F1BB68FBA00BB4F9C /* NSData+ImageContentType.m */,
				2E9092501BB68FBA00BB4F9C /* SDImageCache.h */,
				2E9092511BB68FBA00BB4F9C /* SDImageCache.m */,
				2E9092521BB68FBA00BB4F9C /* SDWebImageCompat.h */,
				2E9092531BB68FBA00BB4F9C /* SDWebImageCompat.m */,
				2E9092541BB68FBA00BB4F9C /* SDWebImageDecoder.h */,
				2E9092551BB68FBA00BB4F9C /* SDWebImageDecoder.m */,
				2E9092561BB68FBA00BB4F9C /* SDWebImageDownloader.h */,
				2E9092571BB68FBA00BB4F9C /* SDWebImageDownloader.m */,
				2E9092581BB68FBA00BB4F9C /* SDWebImageDownloaderOperation.h */,
				2E9092591BB68FBA00BB4F9C /* SDWebImageDownloaderOperation.m */,
				2E90925A1BB68FBA00BB4F9C /* SDWebImageManager.h */,
				2E90925B1BB68FBA00BB4F9C /* SDWebImageManager.m */,
				2E90925C1BB68FBA00BB4F9C /* SDWebImageOperation.h */,
				2E90925D1BB68FBA00BB4F9C /* SDWebImagePrefetcher.h */,
				2E90925E1BB68FBA00BB4F9C /* SDWebImagePrefetcher.m */,
				2E90925F1BB68FBA00BB4F9C /* UIButton+WebCache.h */,
				2E9092601BB68FBA00BB4F9C /* UIButton+WebCache.m */,
				2E9092611BB68FBA00BB4F9C /* UIImage+GIF.h */,
				2E9092621BB68FBA00BB4F9C /* UIImage+GIF.m */,
				2E9092631BB68FBA00BB4F9C /* UIImage+MultiFormat.h */,
				2E9092641BB68FBA00BB4F9C /* UIImage+MultiFormat.m */,
				2E9092651BB68FBA00BB4F9C /* UIImage+WebP.h */,
				2E9092661BB68FBA00BB4F9C /* UIImage+WebP.m */,
				2E9092671BB68FBA00BB4F9C /* UIImageView+HighlightedWebCache.h */,
				2E9092681BB68FBA00BB4F9C /* UIImageView+HighlightedWebCache.m */,
				2E9092691BB68FBA00BB4F9C /* UIImageView+WebCache.h */,
				2E90926A1BB68FBA00BB4F9C /* UIImageView+WebCache.m */,
				2E90926B1BB68FBA00BB4F9C /* UIView+WebCacheOperation.h */,
				2E90926C1BB68FBA00BB4F9C /* UIView+WebCacheOperation.m */,
			);
			path = SDWebImage;
			sourceTree = "<group>";
		};
/* End PBXGroup section */

/* Begin PBXNativeTarget section */
		2E6FF2D01BB5465B00473CAD /* FunnyDev */ = {
			isa = PBXNativeTarget;
			buildConfigurationList = 2E6FF2E81BB5465B00473CAD /* Build configuration list for PBXNativeTarget "FunnyDev" */;
			buildPhases = (
				2E6FF2CD1BB5465B00473CAD /* Sources */,
				2E6FF2CF1BB5465B00473CAD /* Resources */,
				2E6FF2CE1BB5465B00473CAD /* Frameworks */,
			);
			buildRules = (
			);
			dependencies = (
			);
			name = FunnyDev;
			productName = FunnyDev;
			productReference = 2E6FF2D11BB5465B00473CAD /* FunnyDev.app */;
			productType = "com.apple.product-type.application";
		};
/* End PBXNativeTarget section */

/* Begin PBXProject section */
		2E6FF2C91BB5465B00473CAD /* Project object */ = {
			isa = PBXProject;
			attributes = {
				LastUpgradeCheck = 0700;
				ORGANIZATIONNAME = TanTan;
				TargetAttributes = {
					2E6FF2D01BB5465B00473CAD = {
						CreatedOnToolsVersion = 7.0;
					};
				};
			};
			buildConfigurationList = 2E6FF2CC1BB5465B00473CAD /* Build configuration list for PBXProject "FunnyDev" */;
			compatibilityVersion = "Xcode 3.2";
			developmentRegion = English;
			hasScannedForEncodings = 0;
			knownRegions = (
				en,
				Base,
			);
			mainGroup = 2E6FF2C81BB5465B00473CAD;
			productRefGroup = 2E6FF2D21BB5465B00473CAD /* Products */;
			projectDirPath = "";
			projectRoot = "";
			targets = (
				2E6FF2D01BB5465B00473CAD /* FunnyDev */,
			);
		};
/* End PBXProject section */

/* Begin PBXResourcesBuildPhase section */
		2E6FF2CF1BB5465B00473CAD /* Resources */ = {
			isa = PBXResourcesBuildPhase;
			buildActionMask = 2147483647;
			files = (
				650A0A481BB7A7B700290B01 /* no-image-available.jpg in Resources */,
				2E6FF2E41BB5465B00473CAD /* LaunchScreen.storyboard in Resources */,
				2E6FF2E11BB5465B00473CAD /* Assets.xcassets in Resources */,
				2E6FF2F51BB5483200473CAD /* CustomCell.xib in Resources */,
				2E6FF2DF1BB5465B00473CAD /* Main.storyboard in Resources */,
				2EA90C331BB6376D00771703 /* mainbutton1.png in Resources */,
			);
			runOnlyForDeploymentPostprocessing = 0;
		};
/* End PBXResourcesBuildPhase section */

/* Begin PBXSourcesBuildPhase section */
		2E6FF2CD1BB5465B00473CAD /* Sources */ = {
			isa = PBXSourcesBuildPhase;
			buildActionMask = 2147483647;
			files = (
				2E90927A1BB68FBB00BB4F9C /* UIImageView+HighlightedWebCache.m in Sources */,
				2E9092711BB68FBB00BB4F9C /* SDWebImageDecoder.m in Sources */,
				2E90927B1BB68FBB00BB4F9C /* UIImageView+WebCache.m in Sources */,
				2E9092461BB67E4200BB4F9C /* PostObject.m in Sources */,
				2E9092731BB68FBB00BB4F9C /* SDWebImageDownloaderOperation.m in Sources */,
				650A0A431BB7133400290B01 /* DetailVC.m in Sources */,
				2E9092741BB68FBB00BB4F9C /* SDWebImageManager.m in Sources */,
				2E6FF2ED1BB547AF00473CAD /* BaseVC.m in Sources */,
				2E9092421BB67BD800BB4F9C /* TFHppleElement.m in Sources */,
				2E9092721BB68FBB00BB4F9C /* SDWebImageDownloader.m in Sources */,
				2E90926D1BB68FBA00BB4F9C /* MKAnnotationView+WebCache.m in Sources */,
				2E9092701BB68FBB00BB4F9C /* SDWebImageCompat.m in Sources */,
				2E9092751BB68FBB00BB4F9C /* SDWebImagePrefetcher.m in Sources */,
				2E90927C1BB68FBB00BB4F9C /* UIView+WebCacheOperation.m in Sources */,
				2E9092781BB68FBB00BB4F9C /* UIImage+MultiFormat.m in Sources */,
				650A0A461BB71BA100290B01 /* Singleton.m in Sources */,
				2E9092431BB67BD800BB4F9C /* XPathQuery.m in Sources */,
				2E9092411BB67BD800BB4F9C /* TFHpple.m in Sources */,
				2E9092761BB68FBB00BB4F9C /* UIButton+WebCache.m in Sources */,
				2E6FF2F01BB547C900473CAD /* HomeVC.m in Sources */,
				2E90926F1BB68FBA00BB4F9C /* SDImageCache.m in Sources */,
				2E6FF2D91BB5465B00473CAD /* AppDelegate.m in Sources */,
				2E6FF2D61BB5465B00473CAD /* main.m in Sources */,
				2E6FF2F41BB5483200473CAD /* CustomCell.m in Sources */,
				2E9092771BB68FBB00BB4F9C /* UIImage+GIF.m in Sources */,
				2E90926E1BB68FBA00BB4F9C /* NSData+ImageContentType.m in Sources */,
				2E9092791BB68FBB00BB4F9C /* UIImage+WebP.m in Sources */,
			);
			runOnlyForDeploymentPostprocessing = 0;
		};
/* End PBXSourcesBuildPhase section */

/* Begin PBXVariantGroup section */
		2E6FF2DD1BB5465B00473CAD /* Main.storyboard */ = {
			isa = PBXVariantGroup;
			children = (
				2E6FF2DE1BB5465B00473CAD /* Base */,
			);
			name = Main.storyboard;
			sourceTree = "<group>";
		};
		2E6FF2E21BB5465B00473CAD /* LaunchScreen.storyboard */ = {
			isa = PBXVariantGroup;
			children = (
				2E6FF2E31BB5465B00473CAD /* Base */,
			);
			name = LaunchScreen.storyboard;
			sourceTree = "<group>";
		};
/* End PBXVariantGroup section */

/* Begin XCBuildConfiguration section */
		2E6FF2E61BB5465B00473CAD /* Debug */ = {
			isa = XCBuildConfiguration;
			buildSettings = {
				ALWAYS_SEARCH_USER_PATHS = NO;
				CLANG_CXX_LANGUAGE_STANDARD = "gnu++0x";
				CLANG_CXX_LIBRARY = "libc++";
				CLANG_ENABLE_MODULES = YES;
				CLANG_ENABLE_OBJC_ARC = YES;
				CLANG_WARN_BOOL_CONVERSION = YES;
				CLANG_WARN_CONSTANT_CONVERSION = YES;
				CLANG_WARN_DIRECT_OBJC_ISA_USAGE = YES_ERROR;
				CLANG_WARN_EMPTY_BODY = YES;
				CLANG_WARN_ENUM_CONVERSION = YES;
				CLANG_WARN_INT_CONVERSION = YES;
				CLANG_WARN_OBJC_ROOT_CLASS = YES_ERROR;
				CLANG_WARN_UNREACHABLE_CODE = YES;
				CLANG_WARN__DUPLICATE_METHOD_MATCH = YES;
				"CODE_SIGN_IDENTITY[sdk=iphoneos*]" = "iPhone Developer";
				COPY_PHASE_STRIP = NO;
				DEBUG_INFORMATION_FORMAT = dwarf;
				ENABLE_STRICT_OBJC_MSGSEND = YES;
				ENABLE_TESTABILITY = YES;
				GCC_C_LANGUAGE_STANDARD = gnu99;
				GCC_DYNAMIC_NO_PIC = NO;
				GCC_NO_COMMON_BLOCKS = YES;
				GCC_OPTIMIZATION_LEVEL = 0;
				GCC_PREPROCESSOR_DEFINITIONS = (
					"DEBUG=1",
					"$(inherited)",
				);
				GCC_WARN_64_TO_32_BIT_CONVERSION = YES;
				GCC_WARN_ABOUT_RETURN_TYPE = YES_ERROR;
				GCC_WARN_UNDECLARED_SELECTOR = YES;
				GCC_WARN_UNINITIALIZED_AUTOS = YES_AGGRESSIVE;
				GCC_WARN_UNUSED_FUNCTION = YES;
				GCC_WARN_UNUSED_VARIABLE = YES;
				IPHONEOS_DEPLOYMENT_TARGET = 9.0;
				MTL_ENABLE_DEBUG_INFO = YES;
				ONLY_ACTIVE_ARCH = YES;
				SDKROOT = iphoneos;
			};
			name = Debug;
		};
		2E6FF2E71BB5465B00473CAD /* Release */ = {
			isa = XCBuildConfiguration;
			buildSettings = {
				ALWAYS_SEARCH_USER_PATHS = NO;
				CLANG_CXX_LANGUAGE_STANDARD = "gnu++0x";
				CLANG_CXX_LIBRARY = "libc++";
				CLANG_ENABLE_MODULES = YES;
				CLANG_ENABLE_OBJC_ARC = YES;
				CLANG_WARN_BOOL_CONVERSION = YES;
				CLANG_WARN_CONSTANT_CONVERSION = YES;
				CLANG_WARN_DIRECT_OBJC_ISA_USAGE = YES_ERROR;
				CLANG_WARN_EMPTY_BODY = YES;
				CLANG_WARN_ENUM_CONVERSION = YES;
				CLANG_WARN_INT_CONVERSION = YES;
				CLANG_WARN_OBJC_ROOT_CLASS = YES_ERROR;
				CLANG_WARN_UNREACHABLE_CODE = YES;
				CLANG_WARN__DUPLICATE_METHOD_MATCH = YES;
				"CODE_SIGN_IDENTITY[sdk=iphoneos*]" = "iPhone Developer";
				COPY_PHASE_STRIP = NO;
				DEBUG_INFORMATION_FORMAT = "dwarf-with-dsym";
				ENABLE_NS_ASSERTIONS = NO;
				ENABLE_STRICT_OBJC_MSGSEND = YES;
				GCC_C_LANGUAGE_STANDARD = gnu99;
				GCC_NO_COMMON_BLOCKS = YES;
				GCC_WARN_64_TO_32_BIT_CONVERSION = YES;
				GCC_WARN_ABOUT_RETURN_TYPE = YES_ERROR;
				GCC_WARN_UNDECLARED_SELECTOR = YES;
				GCC_WARN_UNINITIALIZED_AUTOS = YES_AGGRESSIVE;
				GCC_WARN_UNUSED_FUNCTION = YES;
				GCC_WARN_UNUSED_VARIABLE = YES;
				IPHONEOS_DEPLOYMENT_TARGET = 9.0;
				MTL_ENABLE_DEBUG_INFO = NO;
				SDKROOT = iphoneos;
				VALIDATE_PRODUCT = YES;
			};
			name = Release;
		};
		2E6FF2E91BB5465B00473CAD /* Debug */ = {
			isa = XCBuildConfiguration;
			buildSettings = {
				ASSETCATALOG_COMPILER_APPICON_NAME = AppIcon;
				ASSETCATALOG_COMPILER_LAUNCHIMAGE_NAME = LaunchImage;
				HEADER_SEARCH_PATHS = "$(SDKROOT)/usr/include/libxml2";
				INFOPLIST_FILE = FunnyDev/Info.plist;
				IPHONEOS_DEPLOYMENT_TARGET = 7.1;
				LD_RUNPATH_SEARCH_PATHS = "$(inherited) @executable_path/Frameworks";
				PRODUCT_BUNDLE_IDENTIFIER = com.tantan.FunnyDev;
				PRODUCT_NAME = "$(TARGET_NAME)";
			};
			name = Debug;
		};
		2E6FF2EA1BB5465B00473CAD /* Release */ = {
			isa = XCBuildConfiguration;
			buildSettings = {
				ASSETCATALOG_COMPILER_APPICON_NAME = AppIcon;
				ASSETCATALOG_COMPILER_LAUNCHIMAGE_NAME = LaunchImage;
				HEADER_SEARCH_PATHS = "$(SDKROOT)/usr/include/libxml2";
				INFOPLIST_FILE = FunnyDev/Info.plist;
				IPHONEOS_DEPLOYMENT_TARGET = 7.1;
				LD_RUNPATH_SEARCH_PATHS = "$(inherited) @executable_path/Frameworks";
				PRODUCT_BUNDLE_IDENTIFIER = com.tantan.FunnyDev;
				PRODUCT_NAME = "$(TARGET_NAME)";
			};
			name = Release;
		};
/* End XCBuildConfiguration section */

/* Begin XCConfigurationList section */
		2E6FF2CC1BB5465B00473CAD /* Build configuration list for PBXProject "FunnyDev" */ = {
			isa = XCConfigurationList;
			buildConfigurations = (
				2E6FF2E61BB5465B00473CAD /* Debug */,
				2E6FF2E71BB5465B00473CAD /* Release */,
			);
			defaultConfigurationIsVisible = 0;
			defaultConfigurationName = Release;
		};
		2E6FF2E81BB5465B00473CAD /* Build configuration list for PBXNativeTarget "FunnyDev" */ = {
			isa = XCConfigurationList;
			buildConfigurations = (
				2E6FF2E91BB5465B00473CAD /* Debug */,
				2E6FF2EA1BB5465B00473CAD /* Release */,
			);
			defaultConfigurationIsVisible = 0;
			defaultConfigurationName = Release;
		};
/* End XCConfigurationList section */
	};
	rootObject = 2E6FF2C91BB5465B00473CAD /* Project object */;
}
